<?xml version="1.0" encoding="utf-8"?>
<Project ToolsVersion="4.0" xmlns="http://schemas.microsoft.com/developer/msbuild/2003">
  <ItemGroup>
    <Filter Include="export">
      <UniqueIdentifier>{87be22e0-7e1c-4823-9041-24f7c26eea5f}</UniqueIdentifier>
    </Filter>
    <Filter Include="project">
      <UniqueIdentifier>{4d2465c4-51c3-432b-b80e-38c3e4ebfb95}</UniqueIdentifier>
    </Filter>
  </ItemGroup>
  <ItemGroup>
    <ClInclude Include="stdafx.h">
      <Filter>project</Filter>
    </ClInclude>
    <ClInclude Include="targetver.h">
      <Filter>project</Filter>
    </ClInclude>
    <ClInclude Include="LibObsPackage.h">
      <Filter>export</Filter>
    </ClInclude>
  </ItemGroup>
  <ItemGroup>
    <ClCompile Include="dllmain.cpp">
      <Filter>project</Filter>
    </ClCompile>
    <ClCompile Include="stdafx.cpp">
      <Filter>project</Filter>
    </ClCompile>
  </ItemGroup>
</Project>